lockfileVersion: '9.0'

settings:
  autoInstallPeers: true
  excludeLinksFromLockfile: false

importers:

  .:
    dependencies:
      '@tsparticles/preset-stars':
        specifier: 4.4.0
        version: 4.4.0
      '@tsparticles/react':
        specifier: 4.4.0
        version: 4.4.0(@tsparticles/engine@4.4.0)(react-dom@19.3.0(react@19.3.0))(react@19.3.0)
      '@tsparticles/slim':
        specifier: 4.4.0
        version: 4.4.0
      next:
        specifier: ^15.2.3
        version: 15.5.27(@types/node@22.20.5)(react-dom@19.3.0(react@19.3.0))(react@19.3.0)
      react:
        specifier: ^19.0.0
        version: 19.3.0
      react-dom:
        specifier: ^19.0.0
        version: 19.3.0(react@19.3.0)
      zod:
        specifier: ^3.24.2
        version: 3.25.76
    devDependencies:
      '@types/d3-scale-chromatic':
        specifier: ^3.1.0
        version: 3.1.0
      '@types/node':
        specifier: ^22.13.0
        version: 22.20.5
      '@types/react':
        specifier: ^19.0.0
        version: 19.3.0
      '@types/react-dom':
        specifier: ^19.0.0
        version: 19.3.0(@types/react@19.3.0)
      cytoscape:
        specifier: 3.34.3
        version: 3.34.3
      d3-scale-chromatic:
        specifier: 3.1.0
        version: 3.1.0
      echarts:
        specifier: 6.1.0
        version: 6.1.0
      typescript:
        specifier: ^5.8.2
        version: 5.9.3

packages:

  '@emnapi/runtime@1.11.3':
    resolution: {integrity: sha512-Xz4Tpyki7XyrpbUK1jR1AhdAdaXyhhY4lZ3neLodmhpuWfy2PAQN5B46sAiU4liOXGLkHypn/qU+jvfWSCYYLA==}

  '@img/colour@1.1.0':
    resolution: {integrity: sha512-Td76q7j57o/tLVdgS746cYARfSyxk8iEfRxewL9h4OMzYhbW4TAcppl0mT4eyqXddh6L/jwoM75mo7ixa/pCeQ==}
    engines: {node: '>=18'}

  '@img/sharp-darwin-arm64@0.35.5':
    resolution: {integrity: sha512-QRUlFQ0WxvdWyqqG/WtI3iupfD5rBzmCHXSdPsY91sAtVtTo7Q4cb6zOccZ3gqEqkr0f1As1ehLqmEpDsRf+lg==}
    engines: {node: '>=20.9.0'}
    cpu: [arm64]
    os: [darwin]

  '@img/sharp-darwin-x64@0.35.5':
    resolution: {integrity: sha512-+BR255RhDlpygUpOc/Jdt1nT6DQ3XG/ERo5wbcdOf5Q320dKtPCKPLR1LJs9VGXRaMa8l1uUa0tkCNOXiAxZUw==}
    engines: {node: '>=20.9.0'}
    cpu: [x64]
    os: [darwin]

  '@img/sharp-freebsd-wasm32@0.35.5':
    resolution: {integrity: sha512-Y/z91nEZ4uIBX5X3nfTovjU9lHNKFYbL2lpHCLVNmXQK03VIZvXBBt0KxbPGp2SdGSF+2mQU4e+hQaWOt86iAw==}
    engines: {node: '>=20.9.0'}
    os: [freebsd]

  '@img/sharp-libvips-darwin-arm64@1.3.4':
    resolution: {integrity: sha512-5R89nBYiRdUlSWJxPhO+GVtaXzXSxKnRu/xqMn3KTA3L9EB9Oy/P+Nn2f2vlhPuUdy/Zusb2DarbyTpGCfEDuw==}
    cpu: [arm64]
    os: [darwin]

  '@img/sharp-libvips-darwin-x64@1.3.4':
    resolution: {integrity: sha512-iR2OKH80yi0U+dUplyh3/xdpFvps6YkCwsXenIJxqxR1v9o+xtKTGbS9H7cps+2Vxjc8B1j96p75NmTGjIhtpQ==}
    cpu: [x64]
    os: [darwin]

  '@img/sharp-libvips-linux-arm64@1.3.4':
    resolution: {integrity: sha512-Y3dgX/6lE2QhQb+Gxy0WZxfg9MEm/JBjamZpS2IklP7xIQoKN4hzAm7KcMVGtaVDt3neE9OKBC7vAfonA/Lr1A==}
    cpu: [arm64]
    os: [linux]
    libc: [glibc]

  '@img/sharp-libvips-linux-arm@1.3.4':
    resolution: {integrity: sha512-LmRtTsOHuvM2+wlO2Db37dx5MiZhB0FvSunciw48YjdOkZz9KAiRbm8ujeMOA1INqmei5NapFxYEK1D1ZSidmw==}
    cpu: [arm]
    os: [linux]
    libc: [glibc]

  '@img/sharp-libvips-linux-ppc64@1.3.4':
    resolution: {integrity: sha512-Le6boB8Tai0Nis+gIxIpKx68UDVVIqdR8Tin5Yf1z2LJJQLDJvCDRqRu+jC2qCoD+eIomonmOwB4smBRxfVpYQ==}
    cpu: [ppc64]
    os: [linux]
    libc: [glibc]

  '@img/sharp-libvips-linux-riscv64@1.3.4':
    resolution: {integrity: sha512-aHkkIEHPRdQEegJN20MLmGtxYD9R2wQr3Cwpddnu5+YKMt6Uzax7S9h5gpZTo8wyrGuZSlfQ63OevL5mTyOC7Q==}
    cpu: [riscv64]
    os: [linux]
    libc: [glibc]

  '@img/sharp-libvips-linux-s390x@1.3.4':
    resolution: {integrity: sha512-ra/mB6MikESDUO7Yg+Mi95bFBb9GsObURuhnOv3OqknjGe9sZrG8tCe9q0xSIGrtLgvgw0gKnFWcK4blSgQOuQ==}
    cpu: [s390x]
    os: [linux]
    libc: [glibc]

  '@img/sharp-libvips-linux-x64@1.3.4':
    resolution: {integrity: sha512-GJ//SSXbnwSDes02umB3nDJLFcQzw8a18V8fyhqr6tV515tOEMdImjjxj1AoafMRz56F3PHgftnj1QEKSU1zkw==}
    cpu: [x64]
    os: [linux]
    libc: [glibc]

  '@img/sharp-libvips-linuxmusl-arm64@1.3.4':
    resolution: {integrity: sha512-hvulFwtjUcagsis6BBxHwGFwWoNZjgYmULGVrZcyfNbjA8hKILbRxGg15/7w5HDyXHXUos/j6baAWqnCyQ2DWA==}
    cpu: [arm64]
    os: [linux]
    libc: [musl]

  '@img/sharp-libvips-linuxmusl-x64@1.3.4':
    resolution: {integrity: sha512-6zXKeE/p39I1AmA3cJG35eyBGNqNddLnUXjhwBnsGjFPWqf5VKkDBEqaEkPDoTEtkxwi2vv8Tcr2mDyP4So7Fg==}
    cpu: [x64]
    os: [linux]
    libc: [musl]

  '@img/sharp-linux-arm64@0.35.5':
    resolution: {integrity: sha512-LYVx5JTsOM2CBzmxreh+nl64/3H6Xb09iSLknqH47z2T2DFFxDeFLP5y4dJwe6H7uGQlHPyEEtIqyo3DYsRwdQ==}
    engines: {node: '>=20.9.0'}
    cpu: [arm64]
    os: [linux]
    libc: [glibc]

  '@img/sharp-linux-arm@0.35.5':
    resolution: {integrity: sha512-LEaXK2WdXVK5ykcw0buWyPMsmLLL2vpHLD6yrNSW+JGEL3BZPA4tpKN6iaMc4AxTTAoaX/sU1rOL51lcIz48ZQ==}
    engines: {node: '>=20.9.0'}
    cpu: [arm]
    os: [linux]
    libc: [glibc]

  '@img/sharp-linux-ppc64@0.35.5':
    resolution: {integrity: sha512-QVxAAq8evVRI9ia2vqgwrmWucn5Dfv+JdWzj75pD8omHLPSP7f8p20O8jxzjCcuCEQEOtYOZUmX1hkiZ0kdevA==}
    engines: {node: '>=20.9.0'}
    cpu: [ppc64]
    os: [linux]
    libc: [glibc]

  '@img/sharp-linux-riscv64@0.35.5':
    resolution: {integrity: sha512-LtdreXguaavKODPIfzJ4kffx7UNt1omwtK0rch4EBbbSTXPnxWmYSayXdLJw0fJzQ97kHt1gL/yh4tvU+nCyRQ==}
    engines: {node: '>=20.9.0'}
    cpu: [riscv64]
    os: [linux]
    libc: [glibc]

  '@img/sharp-linux-s390x@0.35.5':
    resolution: {integrity: sha512-UZasTOFiYzotTsGOCu42BfUzP6Tu6Do/947iRm1RsLKvlllxwGcn4RN27LibGWceix4Y+Pmw3jsnTcCQIgWjqA==}
    engines: {node: '>=20.9.0'}
    cpu: [s390x]
    os: [linux]
    libc: [glibc]

  '@img/sharp-linux-x64@0.35.5':
    resolution: {integrity: sha512-SxFtLTeJInhAA9Q836kux2vZNeOBQEx658qvbboZScr0wIARym3IcGmW7KpVD5sbVg0Ojy+udFQdayYIZyoNog==}
    engines: {node: '>=20.9.0'}
    cpu: [x64]
    os: [linux]
    libc: [glibc]

  '@img/sharp-linuxmusl-arm64@0.35.5':
    resolution: {integrity: sha512-9HbMclmI1zlNkFRs3z9/eBtDjfD0sGlrX1z6b1qwmiFY5ElDLh4BC0LPBdVp7z1DXFiKlIcznf+ZlsuZzLxQqg==}
    engines: {node: '>=20.9.0'}
    cpu: [arm64]
    os: [linux]
    libc: [musl]

  '@img/sharp-linuxmusl-x64@0.35.5':
    resolution: {integrity: sha512-4KOphqB035HrVdqLZfCgMzzERrQkkzOwRhl4OAkRO1YCldbaFjySXMaK534Mo0V+LndnlJk+sbUyLeU0ULyD1A==}
    engines: {node: '>=20.9.0'}
    cpu: [x64]
    os: [linux]
    libc: [musl]

  '@img/sharp-wasm32@0.35.5':
    resolution: {integrity: sha512-Ptsga1su4tQx+LLF1ECS9U6nz5kmrXKo6XVbtR48Ke3ZRxxgaWBu7IDtEe1quo8hiupwm6WFqxVlXaSf7IINGQ==}
    engines: {node: '>=20.9.0'}

  '@img/sharp-webcontainers-wasm32@0.35.5':
    resolution: {integrity: sha512-hfhF/FmoQyTUkA0bIKFOtw536BQSeBMe6BF6QyWlrPxT754+TFLaZ7sKKTfvvM0yJgKgaYTwnFCIZ/GuDw5SUA==}
    engines: {node: '>=20.9.0'}
    cpu: [wasm32]

  '@img/sharp-win32-arm64@0.35.5':
    resolution: {integrity: sha512-X4t7g+7ZA5DKblCBEXGjUqqemj4vczING/5viFwAL8h4N3qYeyjwdCvRLHi4EdOUI+2Z7UFlp1VM+p/AuEtm6Q==}
    engines: {node: '>=20.9.0'}
    cpu: [arm64]
    os: [win32]

  '@img/sharp-win32-ia32@0.35.5':
    resolution: {integrity: sha512-5Zm82LoBc43nhwNybZlG7Y1KO//Zhsn306fQl29ZOuStHLGTo3BWL83q3cznX0poxSAMuYL1On/BHBxkBeKr6A==}
    engines: {node: ^20.9.0}
    cpu: [ia32]
    os: [win32]

  '@img/sharp-win32-x64@0.35.5':
    resolution: {integrity: sha512-x76eH0vEiHlcMQu8Y8IenntaACtddpT6W0wmXtWrnKcnKI7ME5DdgqhAD6SEWOEl1v2zDvkZDhFA9KnURwpfqg==}
    engines: {node: '>=20.9.0'}
    cpu: [x64]
    os: [win32]

  '@next/env@15.5.27':
    resolution: {integrity: sha512-WC5hvVqiuFOcRyz6gKPeJkiVvSMf3scNeAV49CdWtVqxmUlzh8UKR6YHt9yiNkh8LngtzqSlVz07/Ma3ZAzchA==}

  '@next/swc-darwin-arm64@15.5.27':
    resolution: {integrity: sha512-fBA9QurmK4+uj4wNhmRTuO5zMVRaBHCvp6H93zTG/5i6Yi6TewbvbesXB8YQNj8T99Cwrow87hHiFV6wL/hyMA==}
    engines: {node: '>= 10'}
    cpu: [arm64]
    os: [darwin]

  '@next/swc-darwin-x64@15.5.27':
    resolution: {integrity: sha512-FGZwJwry8qZNHxD/nfwrCwCHHrqx6epqItkkxbYcBQEQ2uw5S43bY83fQB5zbAsZE7TELMjoYkbhsQ4oKM7wwg==}
    engines: {node: '>= 10'}
    cpu: [x64]
    os: [darwin]

  '@next/swc-linux-arm64-gnu@15.5.27':
    resolution: {integrity: sha512-GQulAaJYNF1RYuatlsw9/uzbKz4if2V7Ic9nVO+P0ljYPm4yBRTFIl6g5YkKTw40lMLbpy9edLoH44g3jSHMYA==}
    engines: {node: '>= 10'}
    cpu: [arm64]
    os: [linux]
    libc: [glibc]

  '@next/swc-linux-arm64-musl@15.5.27':
    resolution: {integrity: sha512-URFFsUmu8Pi0/1qdnUI7tx7keZw1Mt5zHfrIX1RfDG9Nih8DYxK54WZsDJUX2ZTlii1jgotL7qcbwKnSAES6xQ==}
    engines: {node: '>= 10'}
    cpu: [arm64]
    os: [linux]
    libc: [musl]

  '@next/swc-linux-x64-gnu@15.5.27':
    resolution: {integrity: sha512-aJp74z7uvU5jQhyH7lyk+4qSRcTdKbKT9NQE3jiO9kWYkoHZjKi0zzHDbCoZ+v2sJDEiJ/z58R0UlWMGWNF3HA==}
    engines: {node: '>= 10'}
    cpu: [x64]
    os: [linux]
    libc: [glibc]

  '@next/swc-linux-x64-musl@15.5.27':
    resolution: {integrity: sha512-ILl2bQ8MbpvyMpY8AXljb3BXs0MJSC8HXZ6QV5AWpVS7ZELqNPtrHvhUk+SNarvjvICXX8bCS287TCi+gUFVYg==}
    engines: {node: '>= 10'}
    cpu: [x64]
    os: [linux]
    libc: [musl]

  '@next/swc-win32-arm64-msvc@15.5.27':
    resolution: {integrity: sha512-1MB9Rh5y8TOPN2x7naNTJNkCZQav9c70AI7EBYXxsEewwOffC4DjjwBwKf20NBvcA+u+5jDv7nVmHxunlP2d7Q==}
    engines: {node: '>= 10'}
    cpu: [arm64]
    os: [win32]

  '@next/swc-win32-x64-msvc@15.5.27':
    resolution: {integrity: sha512-XtYgpGOswgnyBWXzOEG6q9RhvnSw0CEZ0MbWqCsl5PISgt9EzvJvNW5mU5n1PsphX/lnamzxjgQXH2GUJL8nqg==}
    engines: {node: '>= 10'}
    cpu: [x64]
    os: [win32]

  '@swc/helpers@0.5.15':
    resolution: {integrity: sha512-JQ5TuMi45Owi4/BIMAJBoSQoOJu12oOk/gADqlcUL9JEdHB8vyjUSsxqeNXnmXHjYKMi2WcYtezGEEhqUI/E2g==}

  '@tsparticles/animation-utils@4.4.0':
    resolution: {integrity: sha512-yl4iE9SSuJ2n8B096t/vn4bWN+wWIkDm11OfTsIM3/64bJLB/5T92n6iOm/XLC3r6g8M8XuDi6ntTnpOcwsGxg==}
    peerDependencies:
      '@tsparticles/engine': 4.4.0

  '@tsparticles/basic@4.4.0':
    resolution: {integrity: sha512-lTbKBPzab0alPy+4Wm/xehrVpT1FrpEMaQcTU2eTV0c0G++5/kOINEWkC7GL7/cHovycukxB+tOMYVT54bSprA==}

  '@tsparticles/canvas-utils@4.4.0':
    resolution: {integrity: sha512-3zVr95OZ05BExgVYNT8WPqA/wFp83TiEJo66rZCZ/nZd1Ny8UCYLMKBcbUPBvGS2GB87UMK8+ygleZnlFhGTtw==}
    peerDependencies:
      '@tsparticles/engine': 4.4.0

  '@tsparticles/engine@4.4.0':
    resolution: {integrity: sha512-zUDykZ7qBqHYMXr6NveXg51kBlvfaQKMmWkMJ8nT7fC4dXdNayb1+TxOfAoqH9/U/u0Eyr0YE+72ai/ymS0uww==}

  '@tsparticles/interaction-external-attract@4.4.0':
    resolution: {integrity: sha512-Y7m4M//SC8J/u0mOcNPpA+qDmImeV5O4axqxah3RdbB0NR5IYmyq6y3ipQGCsDiKPjyyin6R2INT+EY/y75r1A==}
    peerDependencies:
      '@tsparticles/engine': 4.4.0
      '@tsparticles/plugin-interactivity': 4.4.0

  '@tsparticles/interaction-external-bounce@4.4.0':
    resolution: {integrity: sha512-A6FyWC3kyvKFLFSGgPMFVMVTEO9hHrB6lDLO+J0AxvyyYYTbgsu+brY7Yt3kuxEtdZaGmsMtGGfV0Iwe66KspA==}
    peerDependencies:
      '@tsparticles/engine': 4.4.0
      '@tsparticles/plugin-interactivity': 4.4.0

  '@tsparticles/interaction-external-bubble@4.4.0':
    resolution: {integrity: sha512-/IsCu7uWC4oxRbO0WNd1OTlDEUrSjK1T+qARfxmkh+xYxevS8Zc55+rYqk7TXOjPgYVfFiC8wA6+yigYthHCpg==}
    peerDependencies:
      '@tsparticles/engine': 4.4.0
      '@tsparticles/plugin-interactivity': 4.4.0

  '@tsparticles/interaction-external-connect@4.4.0':
    resolution: {integrity: sha512-yPS/XBFWOGKUYo9NTFgcvUKEFg7A0NavTsLPfMLff0BVS5r5ocAvI1UMxCErOSyQPNDb4oAceh9SqldbBI0ELA==}
    peerDependencies:
      '@tsparticles/engine': 4.4.0
      '@tsparticles/plugin-interactivity': 4.4.0

  '@tsparticles/interaction-external-destroy@4.4.0':
    resolution: {integrity: sha512-WqTYJnn0FaF5fF91C49KWlLgmyfgW4a1jMd7FXvBAnrY6XYu4UIOZXNi8R3MUvdYMG1ghQGNOkH+JcD63Dvysw==}
    peerDependencies:
      '@tsparticles/engine': 4.4.0
      '@tsparticles/plugin-interactivity': 4.4.0

  '@tsparticles/interaction-external-grab@4.4.0':
    resolution: {integrity: sha512-rdXhGkBwZKJh2ixK0Wz8Qc+m2SRk3RdYiAWs/PzDurRV9ZpRcGvqkV5G+jw/QrrYWywnNrUYedaKXtiAPnnsWA==}
    peerDependencies:
      '@tsparticles/engine': 4.4.0
      '@tsparticles/plugin-interactivity': 4.4.0

  '@tsparticles/interaction-external-parallax@4.4.0':
    resolution: {integrity: sha512-PyzWmSqS/zUP/caDyeh7wsW0/6E2pejdawer7ocWY3whEvWhgp/cjev78HxEc+dbgCET6Viu2CLSYsV97dZPHA==}
    peerDependencies:
      '@tsparticles/engine': 4.4.0
      '@tsparticles/plugin-interactivity': 4.4.0

  '@tsparticles/interaction-external-pause@4.4.0':
    resolution: {integrity: sha512-qf2CWg3Cx01lW9/0cPAQxp4ozD4o5OY8O7BHwvyaIa+2T0/H/OuKDO+6EscMgQeYnicJVFfYGDr8kbvd27iuIA==}
    peerDependencies:
      '@tsparticles/engine': 4.4.0
      '@tsparticles/plugin-interactivity': 4.4.0

  '@tsparticles/interaction-external-push@4.4.0':
    resolution: {integrity: sha512-rAojSBoF9BzMT2rXsKd01bHPZZmUxp3kZUvNmKdD0GX6TYpxqkeAd6KCc9ixB1TJzKa/sRwZ0lfXOusP89/uew==}
    peerDependencies:
      '@tsparticles/engine': 4.4.0
      '@tsparticles/plugin-interactivity': 4.4.0

  '@tsparticles/interaction-external-remove@4.4.0':
    resolution: {integrity: sha512-T/SyaR+aJO90z7uhTv/R1Vpr7MBJnmUKEtKhNoEqw0/xWhBJP5pcWITMj7UpWawjtgtQYimGsvM9nZlDCKScNg==}
    peerDependencies:
      '@tsparticles/engine': 4.4.0
      '@tsparticles/plugin-interactivity': 4.4.0

  '@tsparticles/interaction-external-repulse@4.4.0':
    resolution: {integrity: sha512-piyeYU42XGXssuNcuB/3FQsS8HgpiH8MdchfYe9wYoYY6+n4OKPK0P6chB1aVZS6cZz4vmk3ROPrDbXrbdM/Rw==}
    peerDependencies:
      '@tsparticles/engine': 4.4.0
      '@tsparticles/plugin-interactivity': 4.4.0

  '@tsparticles/interaction-external-slow@4.4.0':
    resolution: {integrity: sha512-In5s4Ys7lf8/IsDta+M7zpEYWkbfvaUsjnJm4zxuCVjr/mixE7J3QCevkXWdeiv1aP/6TpTicD7SDtlQR1IMjw==}
    peerDependencies:
      '@tsparticles/engine': 4.4.0
      '@tsparticles/plugin-interactivity': 4.4.0

  '@tsparticles/interaction-particles-attract@4.4.0':
    resolution: {integrity: sha512-OPopYrnpPikRxwHk3UwCyNaB6DB2uSbx9wIH9qjz9bbWvPs+oKlB0UCTbkod8Bl0t57WJ0AY8kqFUfaPDWGISA==}
    peerDependencies:
      '@tsparticles/engine': 4.4.0
      '@tsparticles/plugin-interactivity': 4.4.0

  '@tsparticles/interaction-particles-collisions@4.4.0':
    resolution: {integrity: sha512-DLfnAf6lXy/IlsWPZBAXS6/pll5400yPxi6DRyHe0UBnbPVRzCRXAuoGaqhEsrth47BQdoyaqVG7sh38m9Oldg==}
    peerDependencies:
      '@tsparticles/engine': 4.4.0
      '@tsparticles/plugin-interactivity': 4.4.0

  '@tsparticles/interaction-particles-links@4.4.0':
    resolution: {integrity: sha512-n2OkzB8BjQkzFrtiVq8O42/Tf+/Psng+K71MhJDI+czkwLo3PdmG51MCsy2w9ywCvGwWci2nwxMQ1qZL7nPONg==}
    peerDependencies:
      '@tsparticles/engine': 4.4.0
      '@tsparticles/plugin-interactivity': 4.4.0

  '@tsparticles/plugin-blend@4.4.0':
    resolution: {integrity: sha512-X/SG2WIasgHqA+fLZFu6MMv3z5VY5uX4VIfKjXz1qxZjEjn0w4kzZrbtZBxXxRKdrm8Dg8Qu2mmBokNZ8Bny3g==}
    peerDependencies:
      '@tsparticles/engine': 4.4.0

  '@tsparticles/plugin-easing-quad@4.4.0':
    resolution: {integrity: sha512-kdKuM4gKd3Y8x1WfbWgs72EhezBZ8HU0dsvECFsfVMuWa0/gB960BRz+XlyjVOIDBw8dIvx7EUoVgXsRg2WAOA==}
    peerDependencies:
      '@tsparticles/engine': 4.4.0

  '@tsparticles/plugin-hex-color@4.4.0':
    resolution: {integrity: sha512-sbRW6fi/YOS/hvFi6GCQiKI2zMCrmydrhlzqWyw2UUyg4Rr3FviQbIC2VRZrMc30Cm6kSkR3SovXIFDpZzO94Q==}
    peerDependencies:
      '@tsparticles/engine': 4.4.0

  '@tsparticles/plugin-hsl-color@4.4.0':
    resolution: {integrity: sha512-nw/7cGoU99y8veeYD7yA7ygNyrGr461V9xx+ed+jrj0LyXQbLF3d/r78ovMseoHxm4SWa9pmtoQxS3fBHIgecw==}
    peerDependencies:
      '@tsparticles/engine': 4.4.0

  '@tsparticles/plugin-interactivity@4.4.0':
    resolution: {integrity: sha512-jquoxlT4ra1Mc4glVlIfPubmchyIq5IZ25RdnvAop1uuc+6tu4N1zq5SSeyRO8MhJ94xevsNe6ozjmqvZ9CzKA==}
    peerDependencies:
      '@tsparticles/engine': 4.4.0

  '@tsparticles/plugin-move@4.4.0':
    resolution: {integrity: sha512-o05YP6bWxljbxmsQoqbay8sn4GtHIiTQZhZmcIyxJw/q+oSCNKHWALElSAqa1H7Dp/7ltnmd4rH4pgbQtHnfEw==}
    peerDependencies:
      '@tsparticles/engine': 4.4.0

  '@tsparticles/plugin-rgb-color@4.4.0':
    resolution: {integrity: sha512-s7YlsrcjndVLiOgKNPQaPcEQmmZeZqHec0lpSbt8BgR2pQmjFvCMSzHDA/aaqZ6JX8iVqvj+bT8uqT5XQDq70Q==}
    peerDependencies:
      '@tsparticles/engine': 4.4.0

  '@tsparticles/preset-stars@4.4.0':
    resolution: {integrity: sha512-LSrnVzR48he3aKVc35HKwbAgmWlsEwDigfYuHgr1vSRGZAQ84Qy1ZahJSOSaP30yrn5oxSQup6Qtg+x+bcrbdg==}

  '@tsparticles/react@4.4.0':
    resolution: {integrity: sha512-vywNLCJi7N/6eY92wjJ7ePwvkMsnKnfm3sU5jPH6ggZxWHCmotSmZyihtlsC3jPa5tHpCidNprQKrQctACa2kw==}
    peerDependencies:
      '@tsparticles/engine': 4.4.0
      react: '>=16.8.0'
      react-dom: '>=16.8.0'

  '@tsparticles/shape-circle@4.4.0':
    resolution: {integrity: sha512-pCdCenLohHwaeeuMCw9bh1icGB+CKwBYx67L5dTBw6aig7LRvL+Kd1PKClJTgXkx8Mb1Xb7KLNmSYgh/ABRtEQ==}
    peerDependencies:
      '@tsparticles/engine': 4.4.0

  '@tsparticles/shape-emoji@4.4.0':
    resolution: {integrity: sha512-MCsIy+NPx9icd50AfZxUEmJeMWer3BPBpk23RVhns8/9EPhKGZx/rK6KvBiEX84uUq4vma2kzAB795IV7Ry7Pg==}
    peerDependencies:
      '@tsparticles/engine': 4.4.0

  '@tsparticles/shape-image@4.4.0':
    resolution: {integrity: sha512-wCco8PILtywD4KdtlGF4BfSwdqkkd/WS8CfJMd+wmyLUYVxpUSz9HW8aYzzLFTWZZ0WAmiyMmqBIm9AsADzNSA==}
    peerDependencies:
      '@tsparticles/engine': 4.4.0

  '@tsparticles/shape-line@4.4.0':
    resolution: {integrity: sha512-SNyfzkXEXCzh0I4wJSTwFhoZl+V3roh1mVpY3H+LiPtjNlZ9Uyi//PvbQbyuhjbm1+lxu4MXD/CehY3AKzVi2g==}
    peerDependencies:
      '@tsparticles/engine': 4.4.0

  '@tsparticles/shape-polygon@4.4.0':
    resolution: {integrity: sha512-LtDTVQpuPECRoLoLNpvVBAukkBUDvV27mefnuXRgNkUSLBtlMezeFkDJfGthUVKV0erBKuizjxHuo0HO9KygKw==}
    peerDependencies:
      '@tsparticles/engine': 4.4.0

  '@tsparticles/shape-square@4.4.0':
    resolution: {integrity: sha512-xSfgTUAgKLq0rgRGgP5ExftRyXOcp1/es8W4e69YH/JCvUgmY5BXlGeRZtXb4e4W055xSJIgkESuUrv6Ig7B+w==}
    peerDependencies:
      '@tsparticles/engine': 4.4.0

  '@tsparticles/shape-star@4.4.0':
    resolution: {integrity: sha512-SEnzKTkXXYPwAGtZ8dr+gUkyzs05Y9ZIW/ZSZ94mhAPxPTNo6i+uXc/2PQ4EoXbFw7GwWR8SSzXCeLyuqmxUjA==}
    peerDependencies:
      '@tsparticles/engine': 4.4.0

  '@tsparticles/slim@4.4.0':
    resolution: {integrity: sha512-/QhPVl11RYTGF9QL2yBLAaoMMSuJSwbp1NqzBsLf4RXqAWsCDs21rg/FvNYS36znBv8ZbU1XG3nbZIEVOMqSHA==}

  '@tsparticles/updater-life@4.4.0':
    resolution: {integrity: sha512-lUYmhnyRSzNbqS3qYkdDITq2u+BNjircYYbIk4wokJcLNfB0U6IGkIS9SBz9+GA18b8EC7+XEA90iFmxdNzo6Q==}
    peerDependencies:
      '@tsparticles/engine': 4.4.0

  '@tsparticles/updater-opacity@4.4.0':
    resolution: {integrity: sha512-StQAExNqeOHANRAMXHdaKKEBD1DrRwBZ3TQF6DPtERtoElj8BvMlPHq38W0TSzfvR0lFP91p2Pzo5txVzVJ3Gg==}
    peerDependencies:
      '@tsparticles/engine': 4.4.0

  '@tsparticles/updater-out-modes@4.4.0':
    resolution: {integrity: sha512-IzHaYhOVI6mBFqub1ivd/5UMkvn5Pb/j9xS8edT7XeSNYqO3UeomLJci0KE6Xsm+4K/kBLGbCRW5+Tf+kV4E0g==}
    peerDependencies:
      '@tsparticles/engine': 4.4.0

  '@tsparticles/updater-paint@4.4.0':
    resolution: {integrity: sha512-v7liuaT9BwHsd1hCfJF2d93M2gD3lSfsfIfKjPihAYo73hS43Wq7Cf1F0yjEiR3yXryRGH1QmYYdhonKAvyDKw==}
    peerDependencies:
      '@tsparticles/engine': 4.4.0

  '@tsparticles/updater-rotate@4.4.0':
    resolution: {integrity: sha512-rXUP1X0suDr168F2aXRj4v8TmSUfhaWuHOn2z4UcqOAhPjwPdfySMnwpdxbRS+HL4q9TFkNGBqq9ity6LgkVeA==}
    peerDependencies:
      '@tsparticles/engine': 4.4.0

  '@tsparticles/updater-size@4.4.0':
    resolution: {integrity: sha512-Qq8QjC0MMjlaHjtpWUROSqe14eKVphq92n0VR4/d4WY+pnSG1U1VJzF43Kyfb4IyV06b29F0TUROIG7Ivqk36g==}
    peerDependencies:
      '@tsparticles/engine': 4.4.0

  '@types/d3-scale-chromatic@3.1.0':
    resolution: {integrity: sha512-iWMJgwkK7yTRmWqRB5plb1kadXyQ5Sj8V/zYlFGMUBbIPKQScw+Dku9cAAMgJG+z5GYDoMjWGLVOvjghDEFnKQ==}

  '@types/node@22.20.5':
    resolution: {integrity: sha512-U2+DNr+wSjpsTS/wZGYHq7GcwfuSmKiKvoPvK22zwTlRhU91yOniN4qRR5KhIjvif7ysw/dz/hKmfDH0Ris4aA==}

  '@types/react-dom@19.3.0':
    resolution: {integrity: sha512-ZI7bU42mZXXKHn/qNLEw2IrbiINU7X5+vfgdixBHkCNpYWXjKgfQ/P+uyGb5CjOLB9UcnTeg3rylQtV2hym44Q==}
    peerDependencies:
      '@types/react': ^19.3.0

  '@types/react@19.3.0':
    resolution: {integrity: sha512-N0rFCuH9YoxG9/m61l9MfpJKfmLOVU0em7ipIz6TRgSSkvReLB9vL85GB+yr8Bs5leqpvg96JSwF4ZS1s4viQg==}

  caniuse-lite@1.0.30001815:
    resolution: {integrity: sha512-uDybUEyfgbyJJ93J1vikTylBX31AkdVYeVPeffMQpf8XN7hSfr0oZOn4VFOIMNvtU5+rHvC5Udg2TgtJKHm23Q==}

  client-only@0.0.1:
    resolution: {integrity: sha512-IV3Ou0jSMzZrd3pZ48nLkT9DA7Ag1pnPzaiQhpW7c3RbcqqzvzzVu+L8gfqMp/8IM2MQtSiqaCxrrcfu8I8rMA==}

  csstype@3.2.3:
    resolution: {integrity: sha512-z1HGKcYy2xA8AGQfwrn0PAy+PB7X/GSj3UVJW9qKyn43xWa+gl5nXmU4qqLMRzWVLFC8KusUX8T/0kCiOYpAIQ==}

  cytoscape@3.34.3:
    resolution: {integrity: sha512-yfYGhRcGAntq6YBD583j4n0Eg3jIxvWmZtz/5uz9UYkeIStSlMxuUja+ec5j3iBD8nv1rwaOAYMW09tBdkSeaQ==}
    engines: {node: '>=0.10'}

  d3-color@3.1.0:
    resolution: {integrity: sha512-zg/chbXyeBtMQ1LbD/WSoW2DpC3I0mpmPdW+ynRTj/x2DAWYrIY7qeZIHidozwV24m4iavr15lNwIwLxRmOxhA==}
    engines: {node: '>=12'}

  d3-interpolate@3.0.1:
    resolution: {integrity: sha512-3bYs1rOD33uo8aqJfKP3JWPAibgw8Zm2+L9vBKEHJ2Rg+viTR7o5Mmv5mZcieN+FRYaAOWX5SJATX6k1PWz72g==}
    engines: {node: '>=12'}

  d3-scale-chromatic@3.1.0:
    resolution: {integrity: sha512-A3s5PWiZ9YCXFye1o246KoscMWqf8BsD9eRiJ3He7C9OBaxKhAd5TFCdEx/7VbKtxxTsu//1mMJFrEt572cEyQ==}
    engines: {node: '>=12'}

  detect-libc@2.1.2:
    resolution: {integrity: sha512-Btj2BOOO83o3WyH59e8MgXsxEQVcarkUOpEYrubB0urwnN10yQ364rsiByU11nZlqWYZm05i/of7io4mzihBtQ==}
    engines: {node: '>=8'}

  echarts@6.1.0:
    resolution: {integrity: sha512-q0yaFPggC9FUdsWH4blavRWFmxdrIodbkoKNAjJudAI6CA9gNPxHtV2RcZNEepZVlk4yvBYkOkbk6HIVpIyHZA==}

  nanoid@3.3.20:
    resolution: {integrity: sha512-uKdg2G3GNCKQn9byYOpxbGqrT2fGO5KRt5J/8b3pok8rT6qxGWF6hxMyJiEYtAf+FVyYuD9hRaDqX5uPFYJ4ZQ==}
    engines: {node: ^10 || ^12 || ^13.7 || ^14 || >=15.0.1}
    hasBin: true

  next@15.5.27:
    resolution: {integrity: sha512-F82CrlPZ8GRxBH9RIIoR3qU1t5RT3dv1K8moe8SjlDEquiFipvEI13R1Om90TaUOEwShkWCMlg8+gvTNzfMhvg==}
    engines: {node: ^18.18.0 || ^19.8.0 || >= 20.0.0}
    hasBin: true
    peerDependencies:
      '@opentelemetry/api': ^1.1.0
      '@playwright/test': ^1.51.1
      babel-plugin-react-compiler: '*'
      react: ^18.2.0 || 19.0.0-rc-de68d2f4-20241204 || ^19.0.0
      react-dom: ^18.2.0 || 19.0.0-rc-de68d2f4-20241204 || ^19.0.0
      sass: ^1.3.0
    peerDependenciesMeta:
      '@opentelemetry/api':
        optional: true
      '@playwright/test':
        optional: true
      babel-plugin-react-compiler:
        optional: true
      sass:
        optional: true

  picocolors@1.1.1:
    resolution: {integrity: sha512-xceH2snhtb5M9liqDsmEw56le376mTZkEX/jEb/RxNFyegNul7eNslCXP9FDj/Lcu0X8KEyMceP2ntpaHrDEVA==}

  postcss@8.4.31:
    resolution: {integrity: sha512-PS08Iboia9mts/2ygV3eLpY5ghnUcfLV/EXTOW1E2qYxJKGGBUtNjN76FYHnMs36RmARn41bC0AZmn+rR0OVpQ==}
    engines: {node: ^10 || ^12 || >=14}

  react-dom@19.3.0:
    resolution: {integrity: sha512-JDk8dgif51OjFoDE70+OT9ICyYr+69HlmihNwp1+Nsfbna3t5sIiCa9ZJktDmQ4/1b/rn26hIAR2uYXDMr5r0Q==}
    peerDependencies:
      react: ^19.3.0

  react@19.3.0:
    resolution: {integrity: sha512-E8LUcbtBWt20bbl2YoHfx4ZDBdxVTfOKtCZn9cDSJ4l6/nuoApcpIBcj47t2wZoVX8g2ZHuMHbiShgCR1T5Sog==}
    engines: {node: '>=0.10.0'}

  scheduler@0.28.0:
    resolution: {integrity: sha512-juorfCmIkIw8tT+p5BXSm6PJjQF/ycEYmKyzURCIt/RaZIhL+PulbQ9Yu2z1HdOJDdqDTlxA1+xKBmHXJsczAw==}

  semver@7.8.5:
    resolution: {integrity: sha512-Y7/KDsb8LjooZpwaqGyulO6DQlksgCncchHGk+sZIY4SBvUocMBEFH5Ur1fI4dV+Jvl0w6cjvucaIi40puRioA==}
    engines: {node: '>=10'}
    hasBin: true

  sharp@0.35.5:
    resolution: {integrity: sha512-Ywn4OnzGukp7CDMrp08RQ50YKmuwG47brZgIVPTvBaaAfQlRlygrRqSrxdCiL9M+LlzLBiJ68IR1QqvzHyjC7g==}
    engines: {node: '>=20.9.0'}
    peerDependencies:
      '@types/node': '*'
    peerDependenciesMeta:
      '@types/node':
        optional: true

  source-map-js@1.2.2:
    resolution: {integrity: sha512-KGj/8Y43x35aZVDtt+J4mK1hoLGHULMYfSkODJNQjNDC3oW1PqPoxMwo0pLUsWM/UEGzON/NxeHywEfNXNP3Vw==}
    engines: {node: '>=0.10.0'}

  styled-jsx@5.1.6:
    resolution: {integrity: sha512-qSVyDTeMotdvQYoHWLNGwRFJHC+i+ZvdBRYosOFgC+Wg1vx4frN2/RG/NA7SYqqvKNLf39P2LSRA2pu6n0XYZA==}
    engines: {node: '>= 12.0.0'}
    peerDependencies:
      '@babel/core': '*'
      babel-plugin-macros: '*'
      react: '>= 16.8.0 || 17.x.x || ^18.0.0-0 || ^19.0.0-0'
    peerDependenciesMeta:
      '@babel/core':
        optional: true
      babel-plugin-macros:
        optional: true

  tslib@2.3.0:
    resolution: {integrity: sha512-N82ooyxVNm6h1riLCoyS9e3fuJ3AMG2zIZs2Gd1ATcSFjSA23Q0fzjjZeh0jbJvWVDZ0cJT8yaNNaaXHzueNjg==}

  tslib@2.8.1:
    resolution: {integrity: sha512-oJFu94HQb+KVduSUQL7wnpmqnfmLsOA/nAh6b6EH0wCEoK0/mPeXU6c3wKDV83MkOuHPRHtSXKKU99IBazS/2w==}

  typescript@5.9.3:
    resolution: {integrity: sha512-jl1vZzPDinLr9eUt3J/t7V6FgNEw9QjvBPdysz9KfQDD41fQrC2Y4vKQdiaUpFT4bXlb1RHhLpp8wtm6M5TgSw==}
    engines: {node: '>=14.17'}
    hasBin: true

  undici-types@6.21.0:
    resolution: {integrity: sha512-iwDZqg0QAGrg9Rav5H4n0M64c3mkR59cJ6wQp+7C4nI0gsmExaedaYLNO44eT4AtBBwjbTiGPMlt2Md0T9H9JQ==}

  zod@3.25.76:
    resolution: {integrity: sha512-gzUt/qt81nXsFGKIFcC3YnfEAx5NkunCfnDlvuBSSFS02bcXu4Lmea0AFIUwbLWxWPx3d9p8S5QoaujKcNQxcQ==}

  zrender@6.1.0:
    resolution: {integrity: sha512-oEGMDB6pOP2S6OwRR4PdVv610zrjnA3Bh+JnSG12fYJlBKjtNAoEb5fSUoCOOINlH96I2fU38/A2UpRKs67xYQ==}

snapshots:

  '@emnapi/runtime@1.11.3':
    dependencies:
      tslib: 2.8.1
    optional: true

  '@img/colour@1.1.0':
    optional: true

  '@img/sharp-darwin-arm64@0.35.5':
    optionalDependencies:
      '@img/sharp-libvips-darwin-arm64': 1.3.4
    optional: true

  '@img/sharp-darwin-x64@0.35.5':
    optionalDependencies:
      '@img/sharp-libvips-darwin-x64': 1.3.4
    optional: true

  '@img/sharp-freebsd-wasm32@0.35.5':
    dependencies:
      '@img/sharp-wasm32': 0.35.5
    optional: true

  '@img/sharp-libvips-darwin-arm64@1.3.4':
    optional: true

  '@img/sharp-libvips-darwin-x64@1.3.4':
    optional: true

  '@img/sharp-libvips-linux-arm64@1.3.4':
    optional: true

  '@img/sharp-libvips-linux-arm@1.3.4':
    optional: true

  '@img/sharp-libvips-linux-ppc64@1.3.4':
    optional: true

  '@img/sharp-libvips-linux-riscv64@1.3.4':
    optional: true

  '@img/sharp-libvips-linux-s390x@1.3.4':
    optional: true

  '@img/sharp-libvips-linux-x64@1.3.4':
    optional: true

  '@img/sharp-libvips-linuxmusl-arm64@1.3.4':
    optional: true

  '@img/sharp-libvips-linuxmusl-x64@1.3.4':
    optional: true

  '@img/sharp-linux-arm64@0.35.5':
    optionalDependencies:
      '@img/sharp-libvips-linux-arm64': 1.3.4
    optional: true

  '@img/sharp-linux-arm@0.35.5':
    optionalDependencies:
      '@img/sharp-libvips-linux-arm': 1.3.4
    optional: true

  '@img/sharp-linux-ppc64@0.35.5':
    optionalDependencies:
      '@img/sharp-libvips-linux-ppc64': 1.3.4
    optional: true

  '@img/sharp-linux-riscv64@0.35.5':
    optionalDependencies:
      '@img/sharp-libvips-linux-riscv64': 1.3.4
    optional: true

  '@img/sharp-linux-s390x@0.35.5':
    optionalDependencies:
      '@img/sharp-libvips-linux-s390x': 1.3.4
    optional: true

  '@img/sharp-linux-x64@0.35.5':
    optionalDependencies:
      '@img/sharp-libvips-linux-x64': 1.3.4
    optional: true

  '@img/sharp-linuxmusl-arm64@0.35.5':
    optionalDependencies:
      '@img/sharp-libvips-linuxmusl-arm64': 1.3.4
    optional: true

  '@img/sharp-linuxmusl-x64@0.35.5':
    optionalDependencies:
      '@img/sharp-libvips-linuxmusl-x64': 1.3.4
    optional: true

  '@img/sharp-wasm32@0.35.5':
    dependencies:
      '@emnapi/runtime': 1.11.3
    optional: true

  '@img/sharp-webcontainers-wasm32@0.35.5':
    dependencies:
      '@img/sharp-wasm32': 0.35.5
    optional: true

  '@img/sharp-win32-arm64@0.35.5':
    optional: true

  '@img/sharp-win32-ia32@0.35.5':
    optional: true

  '@img/sharp-win32-x64@0.35.5':
    optional: true

  '@next/env@15.5.27': {}

  '@next/swc-darwin-arm64@15.5.27':
    optional: true

  '@next/swc-darwin-x64@15.5.27':
    optional: true

  '@next/swc-linux-arm64-gnu@15.5.27':
    optional: true

  '@next/swc-linux-arm64-musl@15.5.27':
    optional: true

  '@next/swc-linux-x64-gnu@15.5.27':
    optional: true

  '@next/swc-linux-x64-musl@15.5.27':
    optional: true

  '@next/swc-win32-arm64-msvc@15.5.27':
    optional: true

  '@next/swc-win32-x64-msvc@15.5.27':
    optional: true

  '@swc/helpers@0.5.15':
    dependencies:
      tslib: 2.8.1

  '@tsparticles/animation-utils@4.4.0(@tsparticles/engine@4.4.0)':
    dependencies:
      '@tsparticles/engine': 4.4.0

  '@tsparticles/basic@4.4.0':
    dependencies:
      '@tsparticles/engine': 4.4.0
      '@tsparticles/plugin-blend': 4.4.0(@tsparticles/engine@4.4.0)
      '@tsparticles/plugin-hex-color': 4.4.0(@tsparticles/engine@4.4.0)
      '@tsparticles/plugin-hsl-color': 4.4.0(@tsparticles/engine@4.4.0)
      '@tsparticles/plugin-move': 4.4.0(@tsparticles/engine@4.4.0)
      '@tsparticles/plugin-rgb-color': 4.4.0(@tsparticles/engine@4.4.0)
      '@tsparticles/shape-circle': 4.4.0(@tsparticles/engine@4.4.0)
      '@tsparticles/updater-opacity': 4.4.0(@tsparticles/engine@4.4.0)
      '@tsparticles/updater-out-modes': 4.4.0(@tsparticles/engine@4.4.0)
      '@tsparticles/updater-paint': 4.4.0(@tsparticles/engine@4.4.0)
      '@tsparticles/updater-size': 4.4.0(@tsparticles/engine@4.4.0)

  '@tsparticles/canvas-utils@4.4.0(@tsparticles/engine@4.4.0)':
    dependencies:
      '@tsparticles/engine': 4.4.0

  '@tsparticles/engine@4.4.0': {}

  '@tsparticles/interaction-external-attract@4.4.0(@tsparticles/engine@4.4.0)(@tsparticles/plugin-interactivity@4.4.0(@tsparticles/engine@4.4.0))':
    dependencies:
      '@tsparticles/engine': 4.4.0
      '@tsparticles/plugin-interactivity': 4.4.0(@tsparticles/engine@4.4.0)

  '@tsparticles/interaction-external-bounce@4.4.0(@tsparticles/engine@4.4.0)(@tsparticles/plugin-interactivity@4.4.0(@tsparticles/engine@4.4.0))':
    dependencies:
      '@tsparticles/engine': 4.4.0
      '@tsparticles/plugin-interactivity': 4.4.0(@tsparticles/engine@4.4.0)

  '@tsparticles/interaction-external-bubble@4.4.0(@tsparticles/engine@4.4.0)(@tsparticles/plugin-interactivity@4.4.0(@tsparticles/engine@4.4.0))':
    dependencies:
      '@tsparticles/engine': 4.4.0
      '@tsparticles/plugin-interactivity': 4.4.0(@tsparticles/engine@4.4.0)

  '@tsparticles/interaction-external-connect@4.4.0(@tsparticles/engine@4.4.0)(@tsparticles/plugin-interactivity@4.4.0(@tsparticles/engine@4.4.0))':
    dependencies:
      '@tsparticles/canvas-utils': 4.4.0(@tsparticles/engine@4.4.0)
      '@tsparticles/engine': 4.4.0
      '@tsparticles/plugin-interactivity': 4.4.0(@tsparticles/engine@4.4.0)

  '@tsparticles/interaction-external-destroy@4.4.0(@tsparticles/engine@4.4.0)(@tsparticles/plugin-interactivity@4.4.0(@tsparticles/engine@4.4.0))':
    dependencies:
      '@tsparticles/engine': 4.4.0
      '@tsparticles/plugin-interactivity': 4.4.0(@tsparticles/engine@4.4.0)

  '@tsparticles/interaction-external-grab@4.4.0(@tsparticles/engine@4.4.0)(@tsparticles/plugin-interactivity@4.4.0(@tsparticles/engine@4.4.0))':
    dependencies:
      '@tsparticles/canvas-utils': 4.4.0(@tsparticles/engine@4.4.0)
      '@tsparticles/engine': 4.4.0
      '@tsparticles/plugin-interactivity': 4.4.0(@tsparticles/engine@4.4.0)

  '@tsparticles/interaction-external-parallax@4.4.0(@tsparticles/engine@4.4.0)(@tsparticles/plugin-interactivity@4.4.0(@tsparticles/engine@4.4.0))':
    dependencies:
      '@tsparticles/engine': 4.4.0
      '@tsparticles/plugin-interactivity': 4.4.0(@tsparticles/engine@4.4.0)

  '@tsparticles/interaction-external-pause@4.4.0(@tsparticles/engine@4.4.0)(@tsparticles/plugin-interactivity@4.4.0(@tsparticles/engine@4.4.0))':
    dependencies:
      '@tsparticles/engine': 4.4.0
      '@tsparticles/plugin-interactivity': 4.4.0(@tsparticles/engine@4.4.0)

  '@tsparticles/interaction-external-push@4.4.0(@tsparticles/engine@4.4.0)(@tsparticles/plugin-interactivity@4.4.0(@tsparticles/engine@4.4.0))':
    dependencies:
      '@tsparticles/engine': 4.4.0
      '@tsparticles/plugin-interactivity': 4.4.0(@tsparticles/engine@4.4.0)

  '@tsparticles/interaction-external-remove@4.4.0(@tsparticles/engine@4.4.0)(@tsparticles/plugin-interactivity@4.4.0(@tsparticles/engine@4.4.0))':
    dependencies:
      '@tsparticles/engine': 4.4.0
      '@tsparticles/plugin-interactivity': 4.4.0(@tsparticles/engine@4.4.0)

  '@tsparticles/interaction-external-repulse@4.4.0(@tsparticles/engine@4.4.0)(@tsparticles/plugin-interactivity@4.4.0(@tsparticles/engine@4.4.0))':
    dependencies:
      '@tsparticles/engine': 4.4.0
      '@tsparticles/plugin-interactivity': 4.4.0(@tsparticles/engine@4.4.0)

  '@tsparticles/interaction-external-slow@4.4.0(@tsparticles/engine@4.4.0)(@tsparticles/plugin-interactivity@4.4.0(@tsparticles/engine@4.4.0))':
    dependencies:
      '@tsparticles/engine': 4.4.0
      '@tsparticles/plugin-interactivity': 4.4.0(@tsparticles/engine@4.4.0)

  '@tsparticles/interaction-particles-attract@4.4.0(@tsparticles/engine@4.4.0)(@tsparticles/plugin-interactivity@4.4.0(@tsparticles/engine@4.4.0))':
    dependencies:
      '@tsparticles/engine': 4.4.0
      '@tsparticles/plugin-interactivity': 4.4.0(@tsparticles/engine@4.4.0)

  '@tsparticles/interaction-particles-collisions@4.4.0(@tsparticles/engine@4.4.0)(@tsparticles/plugin-interactivity@4.4.0(@tsparticles/engine@4.4.0))':
    dependencies:
      '@tsparticles/engine': 4.4.0
      '@tsparticles/plugin-interactivity': 4.4.0(@tsparticles/engine@4.4.0)

  '@tsparticles/interaction-particles-links@4.4.0(@tsparticles/engine@4.4.0)(@tsparticles/plugin-interactivity@4.4.0(@tsparticles/engine@4.4.0))':
    dependencies:
      '@tsparticles/canvas-utils': 4.4.0(@tsparticles/engine@4.4.0)
      '@tsparticles/engine': 4.4.0
      '@tsparticles/plugin-interactivity': 4.4.0(@tsparticles/engine@4.4.0)

  '@tsparticles/plugin-blend@4.4.0(@tsparticles/engine@4.4.0)':
    dependencies:
      '@tsparticles/engine': 4.4.0

  '@tsparticles/plugin-easing-quad@4.4.0(@tsparticles/engine@4.4.0)':
    dependencies:
      '@tsparticles/engine': 4.4.0

  '@tsparticles/plugin-hex-color@4.4.0(@tsparticles/engine@4.4.0)':
    dependencies:
      '@tsparticles/engine': 4.4.0

  '@tsparticles/plugin-hsl-color@4.4.0(@tsparticles/engine@4.4.0)':
    dependencies:
      '@tsparticles/engine': 4.4.0

  '@tsparticles/plugin-interactivity@4.4.0(@tsparticles/engine@4.4.0)':
    dependencies:
      '@tsparticles/engine': 4.4.0

  '@tsparticles/plugin-move@4.4.0(@tsparticles/engine@4.4.0)':
    dependencies:
      '@tsparticles/engine': 4.4.0

  '@tsparticles/plugin-rgb-color@4.4.0(@tsparticles/engine@4.4.0)':
    dependencies:
      '@tsparticles/engine': 4.4.0

  '@tsparticles/preset-stars@4.4.0':
    dependencies:
      '@tsparticles/basic': 4.4.0
      '@tsparticles/engine': 4.4.0

  '@tsparticles/react@4.4.0(@tsparticles/engine@4.4.0)(react-dom@19.3.0(react@19.3.0))(react@19.3.0)':
    dependencies:
      '@tsparticles/engine': 4.4.0
      react: 19.3.0
      react-dom: 19.3.0(react@19.3.0)

  '@tsparticles/shape-circle@4.4.0(@tsparticles/engine@4.4.0)':
    dependencies:
      '@tsparticles/engine': 4.4.0

  '@tsparticles/shape-emoji@4.4.0(@tsparticles/engine@4.4.0)':
    dependencies:
      '@tsparticles/canvas-utils': 4.4.0(@tsparticles/engine@4.4.0)
      '@tsparticles/engine': 4.4.0

  '@tsparticles/shape-image@4.4.0(@tsparticles/engine@4.4.0)':
    dependencies:
      '@tsparticles/engine': 4.4.0

  '@tsparticles/shape-line@4.4.0(@tsparticles/engine@4.4.0)':
    dependencies:
      '@tsparticles/engine': 4.4.0

  '@tsparticles/shape-polygon@4.4.0(@tsparticles/engine@4.4.0)':
    dependencies:
      '@tsparticles/engine': 4.4.0

  '@tsparticles/shape-square@4.4.0(@tsparticles/engine@4.4.0)':
    dependencies:
      '@tsparticles/engine': 4.4.0

  '@tsparticles/shape-star@4.4.0(@tsparticles/engine@4.4.0)':
    dependencies:
      '@tsparticles/engine': 4.4.0

  '@tsparticles/slim@4.4.0':
    dependencies:
      '@tsparticles/basic': 4.4.0
      '@tsparticles/engine': 4.4.0
      '@tsparticles/interaction-external-attract': 4.4.0(@tsparticles/engine@4.4.0)(@tsparticles/plugin-interactivity@4.4.0(@tsparticles/engine@4.4.0))
      '@tsparticles/interaction-external-bounce': 4.4.0(@tsparticles/engine@4.4.0)(@tsparticles/plugin-interactivity@4.4.0(@tsparticles/engine@4.4.0))
      '@tsparticles/interaction-external-bubble': 4.4.0(@tsparticles/engine@4.4.0)(@tsparticles/plugin-interactivity@4.4.0(@tsparticles/engine@4.4.0))
      '@tsparticles/interaction-external-connect': 4.4.0(@tsparticles/engine@4.4.0)(@tsparticles/plugin-interactivity@4.4.0(@tsparticles/engine@4.4.0))
      '@tsparticles/interaction-external-destroy': 4.4.0(@tsparticles/engine@4.4.0)(@tsparticles/plugin-interactivity@4.4.0(@tsparticles/engine@4.4.0))
      '@tsparticles/interaction-external-grab': 4.4.0(@tsparticles/engine@4.4.0)(@tsparticles/plugin-interactivity@4.4.0(@tsparticles/engine@4.4.0))
      '@tsparticles/interaction-external-parallax': 4.4.0(@tsparticles/engine@4.4.0)(@tsparticles/plugin-interactivity@4.4.0(@tsparticles/engine@4.4.0))
      '@tsparticles/interaction-external-pause': 4.4.0(@tsparticles/engine@4.4.0)(@tsparticles/plugin-interactivity@4.4.0(@tsparticles/engine@4.4.0))
      '@tsparticles/interaction-external-push': 4.4.0(@tsparticles/engine@4.4.0)(@tsparticles/plugin-interactivity@4.4.0(@tsparticles/engine@4.4.0))
      '@tsparticles/interaction-external-remove': 4.4.0(@tsparticles/engine@4.4.0)(@tsparticles/plugin-interactivity@4.4.0(@tsparticles/engine@4.4.0))
      '@tsparticles/interaction-external-repulse': 4.4.0(@tsparticles/engine@4.4.0)(@tsparticles/plugin-interactivity@4.4.0(@tsparticles/engine@4.4.0))
      '@tsparticles/interaction-external-slow': 4.4.0(@tsparticles/engine@4.4.0)(@tsparticles/plugin-interactivity@4.4.0(@tsparticles/engine@4.4.0))
      '@tsparticles/interaction-particles-attract': 4.4.0(@tsparticles/engine@4.4.0)(@tsparticles/plugin-interactivity@4.4.0(@tsparticles/engine@4.4.0))
      '@tsparticles/interaction-particles-collisions': 4.4.0(@tsparticles/engine@4.4.0)(@tsparticles/plugin-interactivity@4.4.0(@tsparticles/engine@4.4.0))
      '@tsparticles/interaction-particles-links': 4.4.0(@tsparticles/engine@4.4.0)(@tsparticles/plugin-interactivity@4.4.0(@tsparticles/engine@4.4.0))
      '@tsparticles/plugin-easing-quad': 4.4.0(@tsparticles/engine@4.4.0)
      '@tsparticles/plugin-interactivity': 4.4.0(@tsparticles/engine@4.4.0)
      '@tsparticles/shape-emoji': 4.4.0(@tsparticles/engine@4.4.0)
      '@tsparticles/shape-image': 4.4.0(@tsparticles/engine@4.4.0)
      '@tsparticles/shape-line': 4.4.0(@tsparticles/engine@4.4.0)
      '@tsparticles/shape-polygon': 4.4.0(@tsparticles/engine@4.4.0)
      '@tsparticles/shape-square': 4.4.0(@tsparticles/engine@4.4.0)
      '@tsparticles/shape-star': 4.4.0(@tsparticles/engine@4.4.0)
      '@tsparticles/updater-life': 4.4.0(@tsparticles/engine@4.4.0)
      '@tsparticles/updater-paint': 4.4.0(@tsparticles/engine@4.4.0)
      '@tsparticles/updater-rotate': 4.4.0(@tsparticles/engine@4.4.0)

  '@tsparticles/updater-life@4.4.0(@tsparticles/engine@4.4.0)':
    dependencies:
      '@tsparticles/engine': 4.4.0

  '@tsparticles/updater-opacity@4.4.0(@tsparticles/engine@4.4.0)':
    dependencies:
      '@tsparticles/animation-utils': 4.4.0(@tsparticles/engine@4.4.0)
      '@tsparticles/engine': 4.4.0

  '@tsparticles/updater-out-modes@4.4.0(@tsparticles/engine@4.4.0)':
    dependencies:
      '@tsparticles/engine': 4.4.0

  '@tsparticles/updater-paint@4.4.0(@tsparticles/engine@4.4.0)':
    dependencies:
      '@tsparticles/engine': 4.4.0

  '@tsparticles/updater-rotate@4.4.0(@tsparticles/engine@4.4.0)':
    dependencies:
      '@tsparticles/animation-utils': 4.4.0(@tsparticles/engine@4.4.0)
      '@tsparticles/engine': 4.4.0

  '@tsparticles/updater-size@4.4.0(@tsparticles/engine@4.4.0)':
    dependencies:
      '@tsparticles/animation-utils': 4.4.0(@tsparticles/engine@4.4.0)
      '@tsparticles/engine': 4.4.0

  '@types/d3-scale-chromatic@3.1.0': {}

  '@types/node@22.20.5':
    dependencies:
      undici-types: 6.21.0

  '@types/react-dom@19.3.0(@types/react@19.3.0)':
    dependencies:
      '@types/react': 19.3.0

  '@types/react@19.3.0':
    dependencies:
      csstype: 3.2.3

  caniuse-lite@1.0.30001815: {}

  client-only@0.0.1: {}

  csstype@3.2.3: {}

  cytoscape@3.34.3: {}

  d3-color@3.1.0: {}

  d3-interpolate@3.0.1:
    dependencies:
      d3-color: 3.1.0

  d3-scale-chromatic@3.1.0:
    dependencies:
      d3-color: 3.1.0
      d3-interpolate: 3.0.1

  detect-libc@2.1.2:
    optional: true

  echarts@6.1.0:
    dependencies:
      tslib: 2.3.0
      zrender: 6.1.0

  nanoid@3.3.20: {}

  next@15.5.27(@types/node@22.20.5)(react-dom@19.3.0(react@19.3.0))(react@19.3.0):
    dependencies:
      '@next/env': 15.5.27
      '@swc/helpers': 0.5.15
      caniuse-lite: 1.0.30001815
      postcss: 8.4.31
      react: 19.3.0
      react-dom: 19.3.0(react@19.3.0)
      styled-jsx: 5.1.6(react@19.3.0)
    optionalDependencies:
      '@next/swc-darwin-arm64': 15.5.27
      '@next/swc-darwin-x64': 15.5.27
      '@next/swc-linux-arm64-gnu': 15.5.27
      '@next/swc-linux-arm64-musl': 15.5.27
      '@next/swc-linux-x64-gnu': 15.5.27
      '@next/swc-linux-x64-musl': 15.5.27
      '@next/swc-win32-arm64-msvc': 15.5.27
      '@next/swc-win32-x64-msvc': 15.5.27
      sharp: 0.35.5(@types/node@22.20.5)
    transitivePeerDependencies:
      - '@babel/core'
      - '@types/node'
      - babel-plugin-macros

  picocolors@1.1.1: {}

  postcss@8.4.31:
    dependencies:
      nanoid: 3.3.20
      picocolors: 1.1.1
      source-map-js: 1.2.2

  react-dom@19.3.0(react@19.3.0):
    dependencies:
      react: 19.3.0
      scheduler: 0.28.0

  react@19.3.0: {}

  scheduler@0.28.0: {}

  semver@7.8.5:
    optional: true

  sharp@0.35.5(@types/node@22.20.5):
    dependencies:
      '@img/colour': 1.1.0
      detect-libc: 2.1.2
      semver: 7.8.5
    optionalDependencies:
      '@img/sharp-darwin-arm64': 0.35.5
      '@img/sharp-darwin-x64': 0.35.5
      '@img/sharp-freebsd-wasm32': 0.35.5
      '@img/sharp-libvips-darwin-arm64': 1.3.4
      '@img/sharp-libvips-darwin-x64': 1.3.4
      '@img/sharp-libvips-linux-arm': 1.3.4
      '@img/sharp-libvips-linux-arm64': 1.3.4
      '@img/sharp-libvips-linux-ppc64': 1.3.4
      '@img/sharp-libvips-linux-riscv64': 1.3.4
      '@img/sharp-libvips-linux-s390x': 1.3.4
      '@img/sharp-libvips-linux-x64': 1.3.4
      '@img/sharp-libvips-linuxmusl-arm64': 1.3.4
      '@img/sharp-libvips-linuxmusl-x64': 1.3.4
      '@img/sharp-linux-arm': 0.35.5
      '@img/sharp-linux-arm64': 0.35.5
      '@img/sharp-linux-ppc64': 0.35.5
      '@img/sharp-linux-riscv64': 0.35.5
      '@img/sharp-linux-s390x': 0.35.5
      '@img/sharp-linux-x64': 0.35.5
      '@img/sharp-linuxmusl-arm64': 0.35.5
      '@img/sharp-linuxmusl-x64': 0.35.5
      '@img/sharp-webcontainers-wasm32': 0.35.5
      '@img/sharp-win32-arm64': 0.35.5
      '@img/sharp-win32-ia32': 0.35.5
      '@img/sharp-win32-x64': 0.35.5
      '@types/node': 22.20.5
    optional: true

  source-map-js@1.2.2: {}

  styled-jsx@5.1.6(react@19.3.0):
    dependencies:
      client-only: 0.0.1
      react: 19.3.0

  tslib@2.3.0: {}

  tslib@2.8.1: {}

  typescript@5.9.3: {}

  undici-types@6.21.0: {}

  zod@3.25.76: {}

  zrender@6.1.0:
    dependencies:
      tslib: 2.3.0
